
Microsoft Visual Studio Solution File, Format Version 12.00
# Visual Studio 2013
VisualStudioVersion = 12.0.31101.0
MinimumVisualStudioVersion = 10.0.40219.1
Project("{FAE04EC0-301F-11D3-BF4B-00C04F79EFBC}") = "TemperatureConverter", "TemperatureConverter\TemperatureConverter.csproj", "{C1E17A30-03E9-49A6-A1BE-631C39BCBED7}"
EndProject
Project("{FAE04EC0-301F-11D3-BF4B-00C04F79EFBC}") = "TemperatureConverter.Tests", "TemperatureConverter.Tests\TemperatureConverter.Tests.csproj", "{AE9AA3FA-9519-4D72-AE87-09452ABCE187}"
EndProject
Global
	GlobalSection(SolutionConfigurationPlatforms) = preSolution
		Debug|Any CPU = Debug|Any CPU
		Release|Any CPU = Release|Any CPU
	EndGlobalSection
	GlobalSection(ProjectConfigurationPlatforms) = postSolution
		{C1E17A30-03E9-49A6-A1BE-631C39BCBED7}.Debug|Any CPU.ActiveCfg = Debug|Any CPU
		{C1E17A30-03E9-49A6-A1BE-631C39BCBED7}.Debug|Any CPU.Build.0 = Debug|Any CPU
		{C1E17A30-03E9-49A6-A1BE-631C39BCBED7}.Release|Any CPU.ActiveCfg = Release|Any CPU
		{C1E17A30-03E9-49A6-A1BE-631C39BCBED7}.Release|Any CPU.Build.0 = Release|Any CPU
		{AE9AA3FA-9519-4D72-AE87-09452ABCE187}.Debug|Any CPU.ActiveCfg = Debug|Any CPU
		{AE9AA3FA-9519-4D72-AE87-09452ABCE187}.Debug|Any CPU.Build.0 = Debug|Any CPU
		{AE9AA3FA-9519-4D72-AE87-09452ABCE187}.Release|Any CPU.ActiveCfg = Release|Any CPU
		{AE9AA3FA-9519-4D72-AE87-09452ABCE187}.Release|Any CPU.Build.0 = Release|Any CPU
	EndGlobalSection
	GlobalSection(SolutionProperties) = preSolution
		HideSolutionNode = FALSE
	EndGlobalSection
EndGlobal
